// !$*UTF8*$!
{
	archiveVersion = 1;
	classes = {
	};
	objectVersion = 46;
	objects = {

/* Begin PBXGroup section */
		4E1A67D61B8638CE00EA7EA5 = {
			isa = PBXGroup;
			children = (
			);
			sourceTree = "<group>";
		};
/* End PBXGroup section */

/* Begin PBXProject section */
		4E1A67D71B8638CE00EA7EA5 /* Project object */ = {
			isa = PBXProject;
			attributes = {
				LastUpgradeCheck = 0620;
			};
			buildConfigurationList = 4E1A67DA1B8638CE00EA7EA5 /* Build configuration list for PBXProject "mea-edomus_github" */;
			compatibilityVersion = "Xcode 3.2";
			developmentRegion = English;
			hasScannedForEncodings = 0;
			knownRegions = (
				en,
			);
			mainGroup = 4E1A67D61B8638CE00EA7EA5;
			projectDirPath = "";
			projectRoot = "";
			targets = (
			);
		};
/* End PBXProject section */

/* Begin XCBuildConfiguration section */
		4E1A67DB1B8638CE00EA7EA5 /* Debug */ = {
			isa = XCBuildConfiguration;
			buildSettings = {
			};
			name = Debug;
		};
		4E1A67DC1B8638CE00EA7EA5 /* Release */ = {
			isa = XCBuildConfiguration;
			buildSettings = {
			};
			name = Release;
		};
/* End XCBuildConfiguration section */

/* Begin XCConfigurationList section */
		4E1A67DA1B8638CE00EA7EA5 /* Build configuration list for PBXProject "mea-edomus_github" */ = {
			isa = XCConfigurationList;
			buildConfigurations = (
				4E1A67DB1B8638CE00EA7EA5 /* Debug */,
				4E1A67DC1B8638CE00EA7EA5 /* Release */,
			);
			defaultConfigurationIsVisible = 0;
			defaultConfigurationName = Release;
		};
/* End XCConfigurationList section */
	};
	rootObject = 4E1A67D71B8638CE00EA7EA5 /* Project object */;
}
